Microsoft Visual Studio Solution File, Format Version 12.00
# Visual Studio Version 17
VisualStudioVersion = 17.5.2.0
MinimumVisualStudioVersion = 10.0.40219.1
Project("{FAE04EC0-301F-11D3-BF4B-00C04F79EFBC}") = "WorkTrackBio.API", "WorkTrackBio.API.csproj", "{220F4AB9-94B7-8EC3-9EF3-E44A2248020B}"
EndProject
Global
	GlobalSection(SolutionConfigurationPlatforms) = preSolution
		Debug|Any CPU = Debug|Any CPU
		Release|Any CPU = Release|Any CPU
	EndGlobalSection
	GlobalSection(ProjectConfigurationPlatforms) = postSolution
		{220F4AB9-94B7-8EC3-9EF3-E44A2248020B}.Debug|Any CPU.ActiveCfg = Debug|Any CPU
		{220F4AB9-94B7-8EC3-9EF3-E44A2248020B}.Debug|Any CPU.Build.0 = Debug|Any CPU
		{220F4AB9-94B7-8EC3-9EF3-E44A2248020B}.Release|Any CPU.ActiveCfg = Release|Any CPU
		{220F4AB9-94B7-8EC3-9EF3-E44A2248020B}.Release|Any CPU.Build.0 = Release|Any CPU
	EndGlobalSection
	GlobalSection(SolutionProperties) = preSolution
		HideSolutionNode = FALSE
	EndGlobalSection
	GlobalSection(ExtensibilityGlobals) = postSolution
		SolutionGuid = {281543B5-B5F2-4B83-AE69-3E28D455F97E}
	EndGlobalSection
EndGlobal
