Microsoft Visual Studio Solution File, Format Version 12.00
# Visual Studio Version 17
VisualStudioVersion = 17.5.2.0
MinimumVisualStudioVersion = 10.0.40219.1
Project("{FAE04EC0-301F-11D3-BF4B-00C04F79EFBC}") = "WTB.API", "WTB.API.csproj", "{D5E80815-3EAE-F4D0-A621-0DFE55A42DCB}"
EndProject
Global
	GlobalSection(SolutionConfigurationPlatforms) = preSolution
		Debug|Any CPU = Debug|Any CPU
		Release|Any CPU = Release|Any CPU
	EndGlobalSection
	GlobalSection(ProjectConfigurationPlatforms) = postSolution
		{D5E80815-3EAE-F4D0-A621-0DFE55A42DCB}.Debug|Any CPU.ActiveCfg = Debug|Any CPU
		{D5E80815-3EAE-F4D0-A621-0DFE55A42DCB}.Debug|Any CPU.Build.0 = Debug|Any CPU
		{D5E80815-3EAE-F4D0-A621-0DFE55A42DCB}.Release|Any CPU.ActiveCfg = Release|Any CPU
		{D5E80815-3EAE-F4D0-A621-0DFE55A42DCB}.Release|Any CPU.Build.0 = Release|Any CPU
	EndGlobalSection
	GlobalSection(SolutionProperties) = preSolution
		HideSolutionNode = FALSE
	EndGlobalSection
	GlobalSection(ExtensibilityGlobals) = postSolution
		SolutionGuid = {3D72C802-12EA-4512-AAB6-815F35524B0A}
	EndGlobalSection
EndGlobal
